// !$*UTF8*$!
{
	archiveVersion = 1;
	classes = {
	};
	objectVersion = 56;
	objects = {

/* Begin PBXBuildFile section */
		FB1290F12D84826A00070F27 /* ContentView.swift in Sources */ = {isa = PBXBuildFile; fileRef = FB1290F02D84826A00070F27 /* ContentView.swift */; };
		FB1290F32D84826B00070F27 /* Assets.xcassets in Resources */ = {isa = PBXBuildFile; fileRef = FB1290F22D84826B00070F27 /* Assets.xcassets */; };
		FB1290F62D84826B00070F27 /* Preview Assets.xcassets in Resources */ = {isa = PBXBuildFile; fileRef = FB1290F52D84826B00070F27 /* Preview Assets.xcassets */; };
		FB1290FF2D8483E200070F27 /* serie_informacion.swift in Sources */ = {isa = PBXBuildFile; fileRef = FB1290FE2D8483E200070F27 /* serie_informacion.swift */; };
		FB1291012D848B2200070F27 /* VistaModeloBasico.swift in Sources */ = {isa = PBXBuildFile; fileRef = FB1291002D848B2200070F27 /* VistaModeloBasico.swift */; };
		FB1291032D848C9500070F27 /* primera_pantalla.swift in Sources */ = {isa = PBXBuildFile; fileRef = FB1291022D848C9500070F27 /* primera_pantalla.swift */; };
		FB2B29062D8B2AFE008F4193 /* estados_de_la_aplicacion.swift in Sources */ = {isa = PBXBuildFile; fileRef = FB2B29052D8B2AFE008F4193 /* estados_de_la_aplicacion.swift */; };
		FB6AF9892D8B1C1D00D00115 /* agregar_serie.swift in Sources */ = {isa = PBXBuildFile; fileRef = FB6AF9882D8B1C1D00D00115 /* agregar_serie.swift */; };
		FB9887FA2D8DBAC700E56A17 /* menu_principal_series.swift in Sources */ = {isa = PBXBuildFile; fileRef = FB9887F92D8DBAC700E56A17 /* menu_principal_series.swift */; };
		FB9887FE2D8DC97100E56A17 /* plataformas_actuales.swift in Sources */ = {isa = PBXBuildFile; fileRef = FB9887FD2D8DC97100E56A17 /* plataformas_actuales.swift */; };
/* End PBXBuildFile section */

/* Begin PBXFileReference section */
		FB1290EB2D84826A00070F27 /* mvvm.app */ = {isa = PBXFileReference; explicitFileType = wrapper.application; includeInIndex = 0; path = mvvm.app; sourceTree = BUILT_PRODUCTS_DIR; };
		FB1290F02D84826A00070F27 /* ContentView.swift */ = {isa = PBXFileReference; lastKnownFileType = sourcecode.swift; path = ContentView.swift; sourceTree = "<group>"; };
		FB1290F22D84826B00070F27 /* Assets.xcassets */ = {isa = PBXFileReference; lastKnownFileType = folder.assetcatalog; path = Assets.xcassets; sourceTree = "<group>"; };
		FB1290F52D84826B00070F27 /* Preview Assets.xcassets */ = {isa = PBXFileReference; lastKnownFileType = folder.assetcatalog; path = "Preview Assets.xcassets"; sourceTree = "<group>"; };
		FB1290FE2D8483E200070F27 /* serie_informacion.swift */ = {isa = PBXFileReference; lastKnownFileType = sourcecode.swift; path = serie_informacion.swift; sourceTree = "<group>"; };
		FB1291002D848B2200070F27 /* VistaModeloBasico.swift */ = {isa = PBXFileReference; lastKnownFileType = sourcecode.swift; path = VistaModeloBasico.swift; sourceTree = "<group>"; };
		FB1291022D848C9500070F27 /* primera_pantalla.swift */ = {isa = PBXFileReference; lastKnownFileType = sourcecode.swift; path = primera_pantalla.swift; sourceTree = "<group>"; };
		FB2B29052D8B2AFE008F4193 /* estados_de_la_aplicacion.swift */ = {isa = PBXFileReference; lastKnownFileType = sourcecode.swift; path = estados_de_la_aplicacion.swift; sourceTree = "<group>"; };
		FB6AF9882D8B1C1D00D00115 /* agregar_serie.swift */ = {isa = PBXFileReference; lastKnownFileType = sourcecode.swift; path = agregar_serie.swift; sourceTree = "<group>"; };
		FB9887F92D8DBAC700E56A17 /* menu_principal_series.swift */ = {isa = PBXFileReference; lastKnownFileType = sourcecode.swift; path = menu_principal_series.swift; sourceTree = "<group>"; };
		FB9887FD2D8DC97100E56A17 /* plataformas_actuales.swift */ = {isa = PBXFileReference; lastKnownFileType = sourcecode.swift; path = plataformas_actuales.swift; sourceTree = "<group>"; };
/* End PBXFileReference section */

/* Begin PBXFrameworksBuildPhase section */
		FB1290E82D84826A00070F27 /* Frameworks */ = {
			isa = PBXFrameworksBuildPhase;
			buildActionMask = 2147483647;
			files = (
			);
			runOnlyForDeploymentPostprocessing = 0;
		};
/* End PBXFrameworksBuildPhase section */

/* Begin PBXGroup section */
		FB1290E22D84826A00070F27 = {
			isa = PBXGroup;
			children = (
				FB9887FC2D8DC94A00E56A17 /* assets */,
				FB6AF9872D8B1C0A00D00115 /* pantallas */,
				FB1291022D848C9500070F27 /* primera_pantalla.swift */,
				FB1290ED2D84826A00070F27 /* mvvm */,
				FB1290EC2D84826A00070F27 /* Products */,
			);
			sourceTree = "<group>";
		};
		FB1290EC2D84826A00070F27 /* Products */ = {
			isa = PBXGroup;
			children = (
				FB1290EB2D84826A00070F27 /* mvvm.app */,
			);
			name = Products;
			sourceTree = "<group>";
		};
		FB1290ED2D84826A00070F27 /* mvvm */ = {
			isa = PBXGroup;
			children = (
				FB1290FC2D84832700070F27 /* modelos */,
				FB1290FD2D84834100070F27 /* vistas_modelos */,
				FB1290F02D84826A00070F27 /* ContentView.swift */,
				FB1290F22D84826B00070F27 /* Assets.xcassets */,
				FB1290F42D84826B00070F27 /* Preview Content */,
			);
			path = mvvm;
			sourceTree = "<group>";
		};
		FB1290F42D84826B00070F27 /* Preview Content */ = {
			isa = PBXGroup;
			children = (
				FB1290F52D84826B00070F27 /* Preview Assets.xcassets */,
			);
			path = "Preview Content";
			sourceTree = "<group>";
		};
		FB1290FC2D84832700070F27 /* modelos */ = {
			isa = PBXGroup;
			children = (
				FB1290FE2D8483E200070F27 /* serie_informacion.swift */,
			);
			path = modelos;
			sourceTree = "<group>";
		};
		FB1290FD2D84834100070F27 /* vistas_modelos */ = {
			isa = PBXGroup;
			children = (
				FB9887FB2D8DBD4400E56A17 /* estados */,
				FB1291002D848B2200070F27 /* VistaModeloBasico.swift */,
			);
			path = vistas_modelos;
			sourceTree = "<group>";
		};
		FB6AF9872D8B1C0A00D00115 /* pantallas */ = {
			isa = PBXGroup;
			children = (
				FB6AF9882D8B1C1D00D00115 /* agregar_serie.swift */,
				FB9887F92D8DBAC700E56A17 /* menu_principal_series.swift */,
			);
			path = pantallas;
			sourceTree = "<group>";
		};
		FB9887FB2D8DBD4400E56A17 /* estados */ = {
			isa = PBXGroup;
			children = (
				FB2B29052D8B2AFE008F4193 /* estados_de_la_aplicacion.swift */,
			);
			path = estados;
			sourceTree = "<group>";
		};
		FB9887FC2D8DC94A00E56A17 /* assets */ = {
			isa = PBXGroup;
			children = (
				FB9887FD2D8DC97100E56A17 /* plataformas_actuales.swift */,
			);
			path = assets;
			sourceTree = "<group>";
		};
/* End PBXGroup section */

/* Begin PBXNativeTarget section */
		FB1290EA2D84826A00070F27 /* mvvm */ = {
			isa = PBXNativeTarget;
			buildConfigurationList = FB1290F92D84826B00070F27 /* Build configuration list for PBXNativeTarget "mvvm" */;
			buildPhases = (
				FB1290E72D84826A00070F27 /* Sources */,
				FB1290E82D84826A00070F27 /* Frameworks */,
				FB1290E92D84826A00070F27 /* Resources */,
			);
			buildRules = (
			);
			dependencies = (
			);
			name = mvvm;
			productName = mvvm;
			productReference = FB1290EB2D84826A00070F27 /* mvvm.app */;
			productType = "com.apple.product-type.application";
		};
/* End PBXNativeTarget section */

/* Begin PBXProject section */
		FB1290E32D84826A00070F27 /* Project object */ = {
			isa = PBXProject;
			attributes = {
				BuildIndependentTargetsInParallel = 1;
				LastSwiftUpdateCheck = 1540;
				LastUpgradeCheck = 1540;
				TargetAttributes = {
					FB1290EA2D84826A00070F27 = {
						CreatedOnToolsVersion = 15.4;
					};
				};
			};
			buildConfigurationList = FB1290E62D84826A00070F27 /* Build configuration list for PBXProject "mvvm" */;
			compatibilityVersion = "Xcode 14.0";
			developmentRegion = en;
			hasScannedForEncodings = 0;
			knownRegions = (
				en,
				Base,
			);
			mainGroup = FB1290E22D84826A00070F27;
			productRefGroup = FB1290EC2D84826A00070F27 /* Products */;
			projectDirPath = "";
			projectRoot = "";
			targets = (
				FB1290EA2D84826A00070F27 /* mvvm */,
			);
		};
/* End PBXProject section */

/* Begin PBXResourcesBuildPhase section */
		FB1290E92D84826A00070F27 /* Resources */ = {
			isa = PBXResourcesBuildPhase;
			buildActionMask = 2147483647;
			files = (
				FB1290F62D84826B00070F27 /* Preview Assets.xcassets in Resources */,
				FB1290F32D84826B00070F27 /* Assets.xcassets in Resources */,
			);
			runOnlyForDeploymentPostprocessing = 0;
		};
/* End PBXResourcesBuildPhase section */

/* Begin PBXSourcesBuildPhase section */
		FB1290E72D84826A00070F27 /* Sources */ = {
			isa = PBXSourcesBuildPhase;
			buildActionMask = 2147483647;
			files = (
				FB9887FE2D8DC97100E56A17 /* plataformas_actuales.swift in Sources */,
				FB1290FF2D8483E200070F27 /* serie_informacion.swift in Sources */,
				FB1290F12D84826A00070F27 /* ContentView.swift in Sources */,
				FB2B29062D8B2AFE008F4193 /* estados_de_la_aplicacion.swift in Sources */,
				FB1291012D848B2200070F27 /* VistaModeloBasico.swift in Sources */,
				FB9887FA2D8DBAC700E56A17 /* menu_principal_series.swift in Sources */,
				FB6AF9892D8B1C1D00D00115 /* agregar_serie.swift in Sources */,
				FB1291032D848C9500070F27 /* primera_pantalla.swift in Sources */,
			);
			runOnlyForDeploymentPostprocessing = 0;
		};
/* End PBXSourcesBuildPhase section */

/* Begin XCBuildConfiguration section */
		FB1290F72D84826B00070F27 /* Debug */ = {
			isa = XCBuildConfiguration;
			buildSettings = {
				ALWAYS_SEARCH_USER_PATHS = NO;
				ASSETCATALOG_COMPILER_GENERATE_SWIFT_ASSET_SYMBOL_EXTENSIONS = YES;
				CLANG_ANALYZER_NONNULL = YES;
				CLANG_ANALYZER_NUMBER_OBJECT_CONVERSION = YES_AGGRESSIVE;
				CLANG_CXX_LANGUAGE_STANDARD = "gnu++20";
				CLANG_ENABLE_MODULES = YES;
				CLANG_ENABLE_OBJC_ARC = YES;
				CLANG_ENABLE_OBJC_WEAK = YES;
				CLANG_WARN_BLOCK_CAPTURE_AUTORELEASING = YES;
				CLANG_WARN_BOOL_CONVERSION = YES;
				CLANG_WARN_COMMA = YES;
				CLANG_WARN_CONSTANT_CONVERSION = YES;
				CLANG_WARN_DEPRECATED_OBJC_IMPLEMENTATIONS = YES;
				CLANG_WARN_DIRECT_OBJC_ISA_USAGE = YES_ERROR;
				CLANG_WARN_DOCUMENTATION_COMMENTS = YES;
				CLANG_WARN_EMPTY_BODY = YES;
				CLANG_WARN_ENUM_CONVERSION = YES;
				CLANG_WARN_INFINITE_RECURSION = YES;
				CLANG_WARN_INT_CONVERSION = YES;
				CLANG_WARN_NON_LITERAL_NULL_CONVERSION = YES;
				CLANG_WARN_OBJC_IMPLICIT_RETAIN_SELF = YES;
				CLANG_WARN_OBJC_LITERAL_CONVERSION = YES;
				CLANG_WARN_OBJC_ROOT_CLASS = YES_ERROR;
				CLANG_WARN_QUOTED_INCLUDE_IN_FRAMEWORK_HEADER = YES;
				CLANG_WARN_RANGE_LOOP_ANALYSIS = YES;
				CLANG_WARN_STRICT_PROTOTYPES = YES;
				CLANG_WARN_SUSPICIOUS_MOVE = YES;
				CLANG_WARN_UNGUARDED_AVAILABILITY = YES_AGGRESSIVE;
				CLANG_WARN_UNREACHABLE_CODE = YES;
				CLANG_WARN__DUPLICATE_METHOD_MATCH = YES;
				COPY_PHASE_STRIP = NO;
				DEBUG_INFORMATION_FORMAT = dwarf;
				ENABLE_STRICT_OBJC_MSGSEND = YES;
				ENABLE_TESTABILITY = YES;
				ENABLE_USER_SCRIPT_SANDBOXING = YES;
				GCC_C_LANGUAGE_STANDARD = gnu17;
				GCC_DYNAMIC_NO_PIC = NO;
				GCC_NO_COMMON_BLOCKS = YES;
				GCC_OPTIMIZATION_LEVEL = 0;
				GCC_PREPROCESSOR_DEFINITIONS = (
					"DEBUG=1",
					"$(inherited)",
				);
				GCC_WARN_64_TO_32_BIT_CONVERSION = YES;
				GCC_WARN_ABOUT_RETURN_TYPE = YES_ERROR;
				GCC_WARN_UNDECLARED_SELECTOR = YES;
				GCC_WARN_UNINITIALIZED_AUTOS = YES_AGGRESSIVE;
				GCC_WARN_UNUSED_FUNCTION = YES;
				GCC_WARN_UNUSED_VARIABLE = YES;
				IPHONEOS_DEPLOYMENT_TARGET = 17.5;
				LOCALIZATION_PREFERS_STRING_CATALOGS = YES;
				MTL_ENABLE_DEBUG_INFO = INCLUDE_SOURCE;
				MTL_FAST_MATH = YES;
				ONLY_ACTIVE_ARCH = YES;
				SDKROOT = iphoneos;
				SWIFT_ACTIVE_COMPILATION_CONDITIONS = "DEBUG $(inherited)";
				SWIFT_OPTIMIZATION_LEVEL = "-Onone";
			};
			name = Debug;
		};
		FB1290F82D84826B00070F27 /* Release */ = {
			isa = XCBuildConfiguration;
			buildSettings = {
				ALWAYS_SEARCH_USER_PATHS = NO;
				ASSETCATALOG_COMPILER_GENERATE_SWIFT_ASSET_SYMBOL_EXTENSIONS = YES;
				CLANG_ANALYZER_NONNULL = YES;
				CLANG_ANALYZER_NUMBER_OBJECT_CONVERSION = YES_AGGRESSIVE;
				CLANG_CXX_LANGUAGE_STANDARD = "gnu++20";
				CLANG_ENABLE_MODULES = YES;
				CLANG_ENABLE_OBJC_ARC = YES;
				CLANG_ENABLE_OBJC_WEAK = YES;
				CLANG_WARN_BLOCK_CAPTURE_AUTORELEASING = YES;
				CLANG_WARN_BOOL_CONVERSION = YES;
				CLANG_WARN_COMMA = YES;
				CLANG_WARN_CONSTANT_CONVERSION = YES;
				CLANG_WARN_DEPRECATED_OBJC_IMPLEMENTATIONS = YES;
				CLANG_WARN_DIRECT_OBJC_ISA_USAGE = YES_ERROR;
				CLANG_WARN_DOCUMENTATION_COMMENTS = YES;
				CLANG_WARN_EMPTY_BODY = YES;
				CLANG_WARN_ENUM_CONVERSION = YES;
				CLANG_WARN_INFINITE_RECURSION = YES;
				CLANG_WARN_INT_CONVERSION = YES;
				CLANG_WARN_NON_LITERAL_NULL_CONVERSION = YES;
				CLANG_WARN_OBJC_IMPLICIT_RETAIN_SELF = YES;
				CLANG_WARN_OBJC_LITERAL_CONVERSION = YES;
				CLANG_WARN_OBJC_ROOT_CLASS = YES_ERROR;
				CLANG_WARN_QUOTED_INCLUDE_IN_FRAMEWORK_HEADER = YES;
				CLANG_WARN_RANGE_LOOP_ANALYSIS = YES;
				CLANG_WARN_STRICT_PROTOTYPES = YES;
				CLANG_WARN_SUSPICIOUS_MOVE = YES;
				CLANG_WARN_UNGUARDED_AVAILABILITY = YES_AGGRESSIVE;
				CLANG_WARN_UNREACHABLE_CODE = YES;
				CLANG_WARN__DUPLICATE_METHOD_MATCH = YES;
				COPY_PHASE_STRIP = NO;
				DEBUG_INFORMATION_FORMAT = "dwarf-with-dsym";
				ENABLE_NS_ASSERTIONS = NO;
				ENABLE_STRICT_OBJC_MSGSEND = YES;
				ENABLE_USER_SCRIPT_SANDBOXING = YES;
				GCC_C_LANGUAGE_STANDARD = gnu17;
				GCC_NO_COMMON_BLOCKS = YES;
				GCC_WARN_64_TO_32_BIT_CONVERSION = YES;
				GCC_WARN_ABOUT_RETURN_TYPE = YES_ERROR;
				GCC_WARN_UNDECLARED_SELECTOR = YES;
				GCC_WARN_UNINITIALIZED_AUTOS = YES_AGGRESSIVE;
				GCC_WARN_UNUSED_FUNCTION = YES;
				GCC_WARN_UNUSED_VARIABLE = YES;
				IPHONEOS_DEPLOYMENT_TARGET = 17.5;
				LOCALIZATION_PREFERS_STRING_CATALOGS = YES;
				MTL_ENABLE_DEBUG_INFO = NO;
				MTL_FAST_MATH = YES;
				SDKROOT = iphoneos;
				SWIFT_COMPILATION_MODE = wholemodule;
				VALIDATE_PRODUCT = YES;
			};
			name = Release;
		};
		FB1290FA2D84826B00070F27 /* Debug */ = {
			isa = XCBuildConfiguration;
			buildSettings = {
				ASSETCATALOG_COMPILER_APPICON_NAME = AppIcon;
				ASSETCATALOG_COMPILER_GLOBAL_ACCENT_COLOR_NAME = AccentColor;
				CODE_SIGN_STYLE = Automatic;
				CURRENT_PROJECT_VERSION = 1;
				DEVELOPMENT_ASSET_PATHS = "\"mvvm/Preview Content\"";
				ENABLE_PREVIEWS = YES;
				GENERATE_INFOPLIST_FILE = YES;
				INFOPLIST_KEY_UIApplicationSceneManifest_Generation = YES;
				INFOPLIST_KEY_UIApplicationSupportsIndirectInputEvents = YES;
				INFOPLIST_KEY_UILaunchScreen_Generation = YES;
				INFOPLIST_KEY_UISupportedInterfaceOrientations_iPad = "UIInterfaceOrientationPortrait UIInterfaceOrientationPortraitUpsideDown UIInterfaceOrientationLandscapeLeft UIInterfaceOrientationLandscapeRight";
				INFOPLIST_KEY_UISupportedInterfaceOrientations_iPhone = "UIInterfaceOrientationPortrait UIInterfaceOrientationLandscapeLeft UIInterfaceOrientationLandscapeRight";
				LD_RUNPATH_SEARCH_PATHS = (
					"$(inherited)",
					"@executable_path/Frameworks",
				);
				MARKETING_VERSION = 1.0;
				PRODUCT_BUNDLE_IDENTIFIER = Bocetos.mvvm;
				PRODUCT_NAME = "$(TARGET_NAME)";
				SWIFT_EMIT_LOC_STRINGS = YES;
				SWIFT_VERSION = 5.0;
				TARGETED_DEVICE_FAMILY = "1,2";
			};
			name = Debug;
		};
		FB1290FB2D84826B00070F27 /* Release */ = {
			isa = XCBuildConfiguration;
			buildSettings = {
				ASSETCATALOG_COMPILER_APPICON_NAME = AppIcon;
				ASSETCATALOG_COMPILER_GLOBAL_ACCENT_COLOR_NAME = AccentColor;
				CODE_SIGN_STYLE = Automatic;
				CURRENT_PROJECT_VERSION = 1;
				DEVELOPMENT_ASSET_PATHS = "\"mvvm/Preview Content\"";
				ENABLE_PREVIEWS = YES;
				GENERATE_INFOPLIST_FILE = YES;
				INFOPLIST_KEY_UIApplicationSceneManifest_Generation = YES;
				INFOPLIST_KEY_UIApplicationSupportsIndirectInputEvents = YES;
				INFOPLIST_KEY_UILaunchScreen_Generation = YES;
				INFOPLIST_KEY_UISupportedInterfaceOrientations_iPad = "UIInterfaceOrientationPortrait UIInterfaceOrientationPortraitUpsideDown UIInterfaceOrientationLandscapeLeft UIInterfaceOrientationLandscapeRight";
				INFOPLIST_KEY_UISupportedInterfaceOrientations_iPhone = "UIInterfaceOrientationPortrait UIInterfaceOrientationLandscapeLeft UIInterfaceOrientationLandscapeRight";
				LD_RUNPATH_SEARCH_PATHS = (
					"$(inherited)",
					"@executable_path/Frameworks",
				);
				MARKETING_VERSION = 1.0;
				PRODUCT_BUNDLE_IDENTIFIER = Bocetos.mvvm;
				PRODUCT_NAME = "$(TARGET_NAME)";
				SWIFT_EMIT_LOC_STRINGS = YES;
				SWIFT_VERSION = 5.0;
				TARGETED_DEVICE_FAMILY = "1,2";
			};
			name = Release;
		};
/* End XCBuildConfiguration section */

/* Begin XCConfigurationList section */
		FB1290E62D84826A00070F27 /* Build configuration list for PBXProject "mvvm" */ = {
			isa = XCConfigurationList;
			buildConfigurations = (
				FB1290F72D84826B00070F27 /* Debug */,
				FB1290F82D84826B00070F27 /* Release */,
			);
			defaultConfigurationIsVisible = 0;
			defaultConfigurationName = Release;
		};
		FB1290F92D84826B00070F27 /* Build configuration list for PBXNativeTarget "mvvm" */ = {
			isa = XCConfigurationList;
			buildConfigurations = (
				FB1290FA2D84826B00070F27 /* Debug */,
				FB1290FB2D84826B00070F27 /* Release */,
			);
			defaultConfigurationIsVisible = 0;
			defaultConfigurationName = Release;
		};
/* End XCConfigurationList section */
	};
	rootObject = FB1290E32D84826A00070F27 /* Project object */;
}
